<?xml version="1.0" encoding="utf-8"?>
<Project ToolsVersion="4.0" xmlns="http://schemas.microsoft.com/developer/msbuild/2003">
  <ItemGroup>
    <Filter Include="Исходные файлы">
      <UniqueIdentifier>{4FC737F1-C7A5-4376-A066-2A32D752A2FF}</UniqueIdentifier>
      <Extensions>cpp;c;cc;cxx;c++;cppm;ixx;def;odl;idl;hpj;bat;asm;asmx</Extensions>
    </Filter>
    <Filter Include="Файлы заголовков">
      <UniqueIdentifier>{93995380-89BD-4b04-88EB-625FBE52EBFB}</UniqueIdentifier>
      <Extensions>h;hh;hpp;hxx;h++;hm;inl;inc;ipp;xsd</Extensions>
    </Filter>
    <Filter Include="Файлы ресурсов">
      <UniqueIdentifier>{67DA6AB6-F800-4c08-8B7A-83BB121AAD01}</UniqueIdentifier>
      <Extensions>rc;ico;cur;bmp;dlg;rc2;rct;bin;rgs;gif;jpg;jpeg;jpe;resx;tiff;tif;png;wav;mfcribbon-ms</Extensions>
    </Filter>
  </ItemGroup>
  <ItemGroup>
    <ClCompile Include="Main.cpp">
      <Filter>Исходные файлы</Filter>
    </ClCompile>
    <ClCompile Include="ClassAndObject.cpp">
      <Filter>Исходные файлы</Filter>
    </ClCompile>
    <ClCompile Include="AccessModifier.cpp">
      <Filter>Исходные файлы</Filter>
    </ClCompile>
    <ClCompile Include="GetAndSet.cpp">
      <Filter>Исходные файлы</Filter>
    </ClCompile>
    <ClCompile Include="Constructor.cpp">
      <Filter>Исходные файлы</Filter>
    </ClCompile>
    <ClCompile Include="Destryktor.cpp">
      <Filter>Исходные файлы</Filter>
    </ClCompile>
    <ClCompile Include="KeywordThis.cpp">
      <Filter>Исходные файлы</Filter>
    </ClCompile>
    <ClCompile Include="CopyConstructor.cpp">
      <Filter>Исходные файлы</Filter>
    </ClCompile>
    <ClCompile Include="OperatorsOverload.cpp">
      <Filter>Исходные файлы</Filter>
    </ClCompile>
    <ClCompile Include="StringClass.cpp">
      <Filter>Исходные файлы</Filter>
    </ClCompile>
    <ClCompile Include="stdafx.cpp">
      <Filter>Исходные файлы</Filter>
    </ClCompile>
    <ClCompile Include="FriendlyClasses.cpp">
      <Filter>Исходные файлы</Filter>
    </ClCompile>
    <ClCompile Include="DefinitionFunction.cpp">
      <Filter>Исходные файлы</Filter>
    </ClCompile>
    <ClCompile Include="StaticField.cpp">
      <Filter>Исходные файлы</Filter>
    </ClCompile>
    <ClCompile Include="StaticMethod.cpp">
      <Filter>Исходные файлы</Filter>
    </ClCompile>
    <ClCompile Include="AgregationAndComposition.cpp">
      <Filter>Исходные файлы</Filter>
    </ClCompile>
    <ClCompile Include="Heirs.cpp">
      <Filter>Исходные файлы</Filter>
    </ClCompile>
    <ClCompile Include="ModifiersAccess.cpp">
      <Filter>Исходные файлы</Filter>
    </ClCompile>
    <ClCompile Include="VirtualFunction.cpp">
      <Filter>Исходные файлы</Filter>
    </ClCompile>
    <ClCompile Include="AbstractClass.cpp">
      <Filter>Исходные файлы</Filter>
    </ClCompile>
    <ClCompile Include="Inheritance.cpp">
      <Filter>Исходные файлы</Filter>
    </ClCompile>
    <ClCompile Include="Interface.cpp">
      <Filter>Исходные файлы</Filter>
    </ClCompile>
    <ClCompile Include="FileWork.cpp">
      <Filter>Исходные файлы</Filter>
    </ClCompile>
  </ItemGroup>
  <ItemGroup>
    <ClInclude Include="ClassAndObject.h">
      <Filter>Файлы заголовков</Filter>
    </ClInclude>
    <ClInclude Include="AccessModifier.h">
      <Filter>Файлы заголовков</Filter>
    </ClInclude>
    <ClInclude Include="GetAndSet.h">
      <Filter>Файлы заголовков</Filter>
    </ClInclude>
    <ClInclude Include="Constructor.h">
      <Filter>Файлы заголовков</Filter>
    </ClInclude>
    <ClInclude Include="Destryktor.h">
      <Filter>Файлы заголовков</Filter>
    </ClInclude>
    <ClInclude Include="KeywordThis.h">
      <Filter>Файлы заголовков</Filter>
    </ClInclude>
    <ClInclude Include="CopyConstructor.h">
      <Filter>Файлы заголовков</Filter>
    </ClInclude>
    <ClInclude Include="OperatorsOverload.h">
      <Filter>Файлы заголовков</Filter>
    </ClInclude>
    <ClInclude Include="StringClass.h">
      <Filter>Файлы заголовков</Filter>
    </ClInclude>
    <ClInclude Include="stdafx.h">
      <Filter>Файлы заголовков</Filter>
    </ClInclude>
    <ClInclude Include="FriendlyClasses.h">
      <Filter>Файлы заголовков</Filter>
    </ClInclude>
    <ClInclude Include="DefinitionFunction.h">
      <Filter>Файлы заголовков</Filter>
    </ClInclude>
    <ClInclude Include="StaticField.h">
      <Filter>Файлы заголовков</Filter>
    </ClInclude>
    <ClInclude Include="StaticMethod.h">
      <Filter>Файлы заголовков</Filter>
    </ClInclude>
    <ClInclude Include="AgregationAndComposition.h">
      <Filter>Файлы заголовков</Filter>
    </ClInclude>
    <ClInclude Include="Heirs.h">
      <Filter>Файлы заголовков</Filter>
    </ClInclude>
    <ClInclude Include="ModifiersAccess.h">
      <Filter>Файлы заголовков</Filter>
    </ClInclude>
    <ClInclude Include="VirtualFunction.h">
      <Filter>Файлы заголовков</Filter>
    </ClInclude>
    <ClInclude Include="AbstractClass.h">
      <Filter>Файлы заголовков</Filter>
    </ClInclude>
    <ClInclude Include="Inheritance.h">
      <Filter>Файлы заголовков</Filter>
    </ClInclude>
    <ClInclude Include="Interface.h">
      <Filter>Файлы заголовков</Filter>
    </ClInclude>
    <ClInclude Include="FileWork.h">
      <Filter>Файлы заголовков</Filter>
    </ClInclude>
  </ItemGroup>
</Project>